
Microsoft Visual Studio Solution File, Format Version 12.00
# Visual Studio Version 17
VisualStudioVersion = 17.4.33103.184
MinimumVisualStudioVersion = 10.0.40219.1
Project("{9A19103F-16F7-4668-BE54-9A1E7A4F7556}") = "MovieApp", "MovieApp\MovieApp.csproj", "{F1249E29-4A62-4272-8BB8-94FCB60999CA}"
EndProject
Project("{2150E333-8FDC-42A3-9474-1A3956D46DE8}") = "Other", "Other", "{7531C99F-B9B4-4A11-BA8D-FB369B4E0808}"
	ProjectSection(SolutionItems) = preProject
		setup.ps1 = setup.ps1
	EndProjectSection
EndProject
Global
	GlobalSection(SolutionConfigurationPlatforms) = preSolution
		Debug|Any CPU = Debug|Any CPU
		Release|Any CPU = Release|Any CPU
	EndGlobalSection
	GlobalSection(ProjectConfigurationPlatforms) = postSolution
		{F1249E29-4A62-4272-8BB8-94FCB60999CA}.Debug|Any CPU.ActiveCfg = Debug|Any CPU
		{F1249E29-4A62-4272-8BB8-94FCB60999CA}.Debug|Any CPU.Build.0 = Debug|Any CPU
		{F1249E29-4A62-4272-8BB8-94FCB60999CA}.Release|Any CPU.ActiveCfg = Release|Any CPU
		{F1249E29-4A62-4272-8BB8-94FCB60999CA}.Release|Any CPU.Build.0 = Release|Any CPU
	EndGlobalSection
	GlobalSection(SolutionProperties) = preSolution
		HideSolutionNode = FALSE
	EndGlobalSection
	GlobalSection(ExtensibilityGlobals) = postSolution
		SolutionGuid = {5E25B44B-FF75-4CF3-8D93-90C5009DCB1D}
	EndGlobalSection
EndGlobal
